Microsoft Visual Studio Solution File, Format Version 12.00
# Visual Studio Version 17
VisualStudioVersion = 17.1.32319.34
MinimumVisualStudioVersion = 10.0.40219.1
Project("{9A19103F-16F7-4668-BE54-9A1E7A4F7556}") = "DrvMercury23x.View", "DrvMercury23x.View\DrvMercury23x.View.csproj", "{023AE11E-1005-4104-BE8E-463C2E2143AD}"
EndProject
Project("{D954291E-2A0B-460D-934E-DC6B0785DB48}") = "DrvMercury23x.Shared", "DrvMercury23x.Shared\DrvMercury23x.Shared.shproj", "{F918343C-D58B-48FD-9010-3E5C2707BB37}"
EndProject
Project("{9A19103F-16F7-4668-BE54-9A1E7A4F7556}") = "DrvMercury23x.Logic", "DrvMercury23x.Logic\DrvMercury23x.Logic.csproj", "{44296BCD-0377-4DE0-987D-888738716FBB}"
EndProject
Global
	GlobalSection(SharedMSBuildProjectFiles) = preSolution
		DrvMercury23x.Shared\DrvMercury23x.Shared.projitems*{023ae11e-1005-4104-be8e-463c2e2143ad}*SharedItemsImports = 5
		DrvMercury23x.Shared\DrvMercury23x.Shared.projitems*{44296bcd-0377-4de0-987d-888738716fbb}*SharedItemsImports = 5
		DrvMercury23x.Shared\DrvMercury23x.Shared.projitems*{f918343c-d58b-48fd-9010-3e5c2707bb37}*SharedItemsImports = 13
	EndGlobalSection
	GlobalSection(SolutionConfigurationPlatforms) = preSolution
		Debug|Any CPU = Debug|Any CPU
		Release|Any CPU = Release|Any CPU
	EndGlobalSection
	GlobalSection(ProjectConfigurationPlatforms) = postSolution
		{023AE11E-1005-4104-BE8E-463C2E2143AD}.Debug|Any CPU.ActiveCfg = Debug|Any CPU
		{023AE11E-1005-4104-BE8E-463C2E2143AD}.Debug|Any CPU.Build.0 = Debug|Any CPU
		{023AE11E-1005-4104-BE8E-463C2E2143AD}.Release|Any CPU.ActiveCfg = Release|Any CPU
		{023AE11E-1005-4104-BE8E-463C2E2143AD}.Release|Any CPU.Build.0 = Release|Any CPU
		{44296BCD-0377-4DE0-987D-888738716FBB}.Debug|Any CPU.ActiveCfg = Debug|Any CPU
		{44296BCD-0377-4DE0-987D-888738716FBB}.Debug|Any CPU.Build.0 = Debug|Any CPU
		{44296BCD-0377-4DE0-987D-888738716FBB}.Release|Any CPU.ActiveCfg = Release|Any CPU
		{44296BCD-0377-4DE0-987D-888738716FBB}.Release|Any CPU.Build.0 = Release|Any CPU
	EndGlobalSection
	GlobalSection(SolutionProperties) = preSolution
		HideSolutionNode = FALSE
	EndGlobalSection
	GlobalSection(ExtensibilityGlobals) = postSolution
		SolutionGuid = {357A28D8-B247-4DC4-874E-BEE52E54B414}
	EndGlobalSection
EndGlobal
